// !$*UTF8*$!
{
	archiveVersion = 1;
	classes = {
	};
	objectVersion = 51;
	objects = {

/* Begin PBXBuildFile section */
		0BBAAE668BCE360FDAC0C028 /* Pods_SwiftArchitecture_SwiftArchitectureUITests.framework in Frameworks */ = {isa = PBXBuildFile; fileRef = E33AB14A5127C5C316782239 /* Pods_SwiftArchitecture_SwiftArchitectureUITests.framework */; };
		603640F524DDCE8900154C08 /* NetworkLayerMoya.swift in Sources */ = {isa = PBXBuildFile; fileRef = 603640F424DDCE8900154C08 /* NetworkLayerMoya.swift */; };
		603640FC24DDD41500154C08 /* LoginResponse.swift in Sources */ = {isa = PBXBuildFile; fileRef = 603640FB24DDD41500154C08 /* LoginResponse.swift */; };
		603640FE24DDD42C00154C08 /* LoginView.swift in Sources */ = {isa = PBXBuildFile; fileRef = 603640FD24DDD42C00154C08 /* LoginView.swift */; };
		6036410024DDD67D00154C08 /* LoginViewModel.swift in Sources */ = {isa = PBXBuildFile; fileRef = 603640FF24DDD67D00154C08 /* LoginViewModel.swift */; };
		60C322E524DDB737005ACDE5 /* AppDelegate.swift in Sources */ = {isa = PBXBuildFile; fileRef = 60C322E424DDB737005ACDE5 /* AppDelegate.swift */; };
		60C322E724DDB737005ACDE5 /* SceneDelegate.swift in Sources */ = {isa = PBXBuildFile; fileRef = 60C322E624DDB737005ACDE5 /* SceneDelegate.swift */; };
		60C322E924DDB737005ACDE5 /* ContentView.swift in Sources */ = {isa = PBXBuildFile; fileRef = 60C322E824DDB737005ACDE5 /* ContentView.swift */; };
		60C322EB24DDB739005ACDE5 /* Assets.xcassets in Resources */ = {isa = PBXBuildFile; fileRef = 60C322EA24DDB739005ACDE5 /* Assets.xcassets */; };
		60C322EE24DDB739005ACDE5 /* Preview Assets.xcassets in Resources */ = {isa = PBXBuildFile; fileRef = 60C322ED24DDB739005ACDE5 /* Preview Assets.xcassets */; };
		60C322F124DDB739005ACDE5 /* LaunchScreen.storyboard in Resources */ = {isa = PBXBuildFile; fileRef = 60C322EF24DDB739005ACDE5 /* LaunchScreen.storyboard */; };
		60C322FC24DDB739005ACDE5 /* SwiftArchitectureTests.swift in Sources */ = {isa = PBXBuildFile; fileRef = 60C322FB24DDB739005ACDE5 /* SwiftArchitectureTests.swift */; };
		60C3230724DDB739005ACDE5 /* SwiftArchitectureUITests.swift in Sources */ = {isa = PBXBuildFile; fileRef = 60C3230624DDB739005ACDE5 /* SwiftArchitectureUITests.swift */; };
		60C3231624DDB926005ACDE5 /* PostResponse.swift in Sources */ = {isa = PBXBuildFile; fileRef = 60C3231524DDB926005ACDE5 /* PostResponse.swift */; };
		60C3231924DDB987005ACDE5 /* PostModel.swift in Sources */ = {isa = PBXBuildFile; fileRef = 60C3231824DDB987005ACDE5 /* PostModel.swift */; };
		60C3231B24DDB993005ACDE5 /* PostViewModel.swift in Sources */ = {isa = PBXBuildFile; fileRef = 60C3231A24DDB993005ACDE5 /* PostViewModel.swift */; };
		60C3231F24DDBAC6005ACDE5 /* NetworkManager.swift in Sources */ = {isa = PBXBuildFile; fileRef = 60C3231E24DDBAC6005ACDE5 /* NetworkManager.swift */; };
		6E56A1483F787C39F7862A04 /* Pods_SwiftArchitecture.framework in Frameworks */ = {isa = PBXBuildFile; fileRef = 82CEE2CB75CBA1269BCD5B40 /* Pods_SwiftArchitecture.framework */; };
		9A5AB1B29A75D23041932FEC /* Pods_SwiftArchitectureTests.framework in Frameworks */ = {isa = PBXBuildFile; fileRef = 58D0046EE70F695E320B65A8 /* Pods_SwiftArchitectureTests.framework */; };
/* End PBXBuildFile section */

/* Begin PBXContainerItemProxy section */
		60C322F824DDB739005ACDE5 /* PBXContainerItemProxy */ = {
			isa = PBXContainerItemProxy;
			containerPortal = 60C322D924DDB737005ACDE5 /* Project object */;
			proxyType = 1;
			remoteGlobalIDString = 60C322E024DDB737005ACDE5;
			remoteInfo = SwiftArchitecture;
		};
		60C3230324DDB739005ACDE5 /* PBXContainerItemProxy */ = {
			isa = PBXContainerItemProxy;
			containerPortal = 60C322D924DDB737005ACDE5 /* Project object */;
			proxyType = 1;
			remoteGlobalIDString = 60C322E024DDB737005ACDE5;
			remoteInfo = SwiftArchitecture;
		};
/* End PBXContainerItemProxy section */

/* Begin PBXFileReference section */
		1353368308EC79C6643A9A10 /* Pods-SwiftArchitecture.release.xcconfig */ = {isa = PBXFileReference; includeInIndex = 1; lastKnownFileType = text.xcconfig; name = "Pods-SwiftArchitecture.release.xcconfig"; path = "Target Support Files/Pods-SwiftArchitecture/Pods-SwiftArchitecture.release.xcconfig"; sourceTree = "<group>"; };
		58D0046EE70F695E320B65A8 /* Pods_SwiftArchitectureTests.framework */ = {isa = PBXFileReference; explicitFileType = wrapper.framework; includeInIndex = 0; path = Pods_SwiftArchitectureTests.framework; sourceTree = BUILT_PRODUCTS_DIR; };
		603640F424DDCE8900154C08 /* NetworkLayerMoya.swift */ = {isa = PBXFileReference; lastKnownFileType = sourcecode.swift; path = NetworkLayerMoya.swift; sourceTree = "<group>"; };
		603640FB24DDD41500154C08 /* LoginResponse.swift */ = {isa = PBXFileReference; lastKnownFileType = sourcecode.swift; path = LoginResponse.swift; sourceTree = "<group>"; };
		603640FD24DDD42C00154C08 /* LoginView.swift */ = {isa = PBXFileReference; lastKnownFileType = sourcecode.swift; path = LoginView.swift; sourceTree = "<group>"; };
		603640FF24DDD67D00154C08 /* LoginViewModel.swift */ = {isa = PBXFileReference; lastKnownFileType = sourcecode.swift; path = LoginViewModel.swift; sourceTree = "<group>"; };
		60C322E124DDB737005ACDE5 /* SwiftArchitecture.app */ = {isa = PBXFileReference; explicitFileType = wrapper.application; includeInIndex = 0; path = SwiftArchitecture.app; sourceTree = BUILT_PRODUCTS_DIR; };
		60C322E424DDB737005ACDE5 /* AppDelegate.swift */ = {isa = PBXFileReference; lastKnownFileType = sourcecode.swift; path = AppDelegate.swift; sourceTree = "<group>"; };
		60C322E624DDB737005ACDE5 /* SceneDelegate.swift */ = {isa = PBXFileReference; lastKnownFileType = sourcecode.swift; path = SceneDelegate.swift; sourceTree = "<group>"; };
		60C322E824DDB737005ACDE5 /* ContentView.swift */ = {isa = PBXFileReference; lastKnownFileType = sourcecode.swift; path = ContentView.swift; sourceTree = "<group>"; };
		60C322EA24DDB739005ACDE5 /* Assets.xcassets */ = {isa = PBXFileReference; lastKnownFileType = folder.assetcatalog; path = Assets.xcassets; sourceTree = "<group>"; };
		60C322ED24DDB739005ACDE5 /* Preview Assets.xcassets */ = {isa = PBXFileReference; lastKnownFileType = folder.assetcatalog; path = "Preview Assets.xcassets"; sourceTree = "<group>"; };
		60C322F024DDB739005ACDE5 /* Base */ = {isa = PBXFileReference; lastKnownFileType = file.storyboard; name = Base; path = Base.lproj/LaunchScreen.storyboard; sourceTree = "<group>"; };
		60C322F224DDB739005ACDE5 /* Info.plist */ = {isa = PBXFileReference; lastKnownFileType = text.plist.xml; path = Info.plist; sourceTree = "<group>"; };
		60C322F724DDB739005ACDE5 /* SwiftArchitectureTests.xctest */ = {isa = PBXFileReference; explicitFileType = wrapper.cfbundle; includeInIndex = 0; path = SwiftArchitectureTests.xctest; sourceTree = BUILT_PRODUCTS_DIR; };
		60C322FB24DDB739005ACDE5 /* SwiftArchitectureTests.swift */ = {isa = PBXFileReference; lastKnownFileType = sourcecode.swift; path = SwiftArchitectureTests.swift; sourceTree = "<group>"; };
		60C322FD24DDB739005ACDE5 /* Info.plist */ = {isa = PBXFileReference; lastKnownFileType = text.plist.xml; path = Info.plist; sourceTree = "<group>"; };
		60C3230224DDB739005ACDE5 /* SwiftArchitectureUITests.xctest */ = {isa = PBXFileReference; explicitFileType = wrapper.cfbundle; includeInIndex = 0; path = SwiftArchitectureUITests.xctest; sourceTree = BUILT_PRODUCTS_DIR; };
		60C3230624DDB739005ACDE5 /* SwiftArchitectureUITests.swift */ = {isa = PBXFileReference; lastKnownFileType = sourcecode.swift; path = SwiftArchitectureUITests.swift; sourceTree = "<group>"; };
		60C3230824DDB739005ACDE5 /* Info.plist */ = {isa = PBXFileReference; lastKnownFileType = text.plist.xml; path = Info.plist; sourceTree = "<group>"; };
		60C3231524DDB926005ACDE5 /* PostResponse.swift */ = {isa = PBXFileReference; lastKnownFileType = sourcecode.swift; path = PostResponse.swift; sourceTree = "<group>"; };
		60C3231824DDB987005ACDE5 /* PostModel.swift */ = {isa = PBXFileReference; lastKnownFileType = sourcecode.swift; path = PostModel.swift; sourceTree = "<group>"; };
		60C3231A24DDB993005ACDE5 /* PostViewModel.swift */ = {isa = PBXFileReference; lastKnownFileType = sourcecode.swift; path = PostViewModel.swift; sourceTree = "<group>"; };
		60C3231E24DDBAC6005ACDE5 /* NetworkManager.swift */ = {isa = PBXFileReference; lastKnownFileType = sourcecode.swift; path = NetworkManager.swift; sourceTree = "<group>"; };
		684301FD55DEAE5DDF16A18E /* Pods-SwiftArchitecture-SwiftArchitectureUITests.release.xcconfig */ = {isa = PBXFileReference; includeInIndex = 1; lastKnownFileType = text.xcconfig; name = "Pods-SwiftArchitecture-SwiftArchitectureUITests.release.xcconfig"; path = "Target Support Files/Pods-SwiftArchitecture-SwiftArchitectureUITests/Pods-SwiftArchitecture-SwiftArchitectureUITests.release.xcconfig"; sourceTree = "<group>"; };
		68631267D7D50B155C093B07 /* Pods-SwiftArchitectureTests.release.xcconfig */ = {isa = PBXFileReference; includeInIndex = 1; lastKnownFileType = text.xcconfig; name = "Pods-SwiftArchitectureTests.release.xcconfig"; path = "Target Support Files/Pods-SwiftArchitectureTests/Pods-SwiftArchitectureTests.release.xcconfig"; sourceTree = "<group>"; };
		726E7ABE7653C2851252CDE3 /* Pods-SwiftArchitecture-SwiftArchitectureUITests.debug.xcconfig */ = {isa = PBXFileReference; includeInIndex = 1; lastKnownFileType = text.xcconfig; name = "Pods-SwiftArchitecture-SwiftArchitectureUITests.debug.xcconfig"; path = "Target Support Files/Pods-SwiftArchitecture-SwiftArchitectureUITests/Pods-SwiftArchitecture-SwiftArchitectureUITests.debug.xcconfig"; sourceTree = "<group>"; };
		82CEE2CB75CBA1269BCD5B40 /* Pods_SwiftArchitecture.framework */ = {isa = PBXFileReference; explicitFileType = wrapper.framework; includeInIndex = 0; path = Pods_SwiftArchitecture.framework; sourceTree = BUILT_PRODUCTS_DIR; };
		95D565692BCBE3ACFF62AAD0 /* Pods-SwiftArchitecture.debug.xcconfig */ = {isa = PBXFileReference; includeInIndex = 1; lastKnownFileType = text.xcconfig; name = "Pods-SwiftArchitecture.debug.xcconfig"; path = "Target Support Files/Pods-SwiftArchitecture/Pods-SwiftArchitecture.debug.xcconfig"; sourceTree = "<group>"; };
		9CD643011695D04F454D93F4 /* Pods-SwiftArchitectureTests.debug.xcconfig */ = {isa = PBXFileReference; includeInIndex = 1; lastKnownFileType = text.xcconfig; name = "Pods-SwiftArchitectureTests.debug.xcconfig"; path = "Target Support Files/Pods-SwiftArchitectureTests/Pods-SwiftArchitectureTests.debug.xcconfig"; sourceTree = "<group>"; };
		E33AB14A5127C5C316782239 /* Pods_SwiftArchitecture_SwiftArchitectureUITests.framework */ = {isa = PBXFileReference; explicitFileType = wrapper.framework; includeInIndex = 0; path = Pods_SwiftArchitecture_SwiftArchitectureUITests.framework; sourceTree = BUILT_PRODUCTS_DIR; };
/* End PBXFileReference section */

/* Begin PBXFrameworksBuildPhase section */
		60C322DE24DDB737005ACDE5 /* Frameworks */ = {
			isa = PBXFrameworksBuildPhase;
			buildActionMask = 2147483647;
			files = (
				6E56A1483F787C39F7862A04 /* Pods_SwiftArchitecture.framework in Frameworks */,
			);
			runOnlyForDeploymentPostprocessing = 0;
		};
		60C322F424DDB739005ACDE5 /* Frameworks */ = {
			isa = PBXFrameworksBuildPhase;
			buildActionMask = 2147483647;
			files = (
				9A5AB1B29A75D23041932FEC /* Pods_SwiftArchitectureTests.framework in Frameworks */,
			);
			runOnlyForDeploymentPostprocessing = 0;
		};
		60C322FF24DDB739005ACDE5 /* Frameworks */ = {
			isa = PBXFrameworksBuildPhase;
			buildActionMask = 2147483647;
			files = (
				0BBAAE668BCE360FDAC0C028 /* Pods_SwiftArchitecture_SwiftArchitectureUITests.framework in Frameworks */,
			);
			runOnlyForDeploymentPostprocessing = 0;
		};
/* End PBXFrameworksBuildPhase section */

/* Begin PBXGroup section */
		1C7B5F00501100EAF54DBA75 /* Frameworks */ = {
			isa = PBXGroup;
			children = (
				82CEE2CB75CBA1269BCD5B40 /* Pods_SwiftArchitecture.framework */,
				E33AB14A5127C5C316782239 /* Pods_SwiftArchitecture_SwiftArchitectureUITests.framework */,
				58D0046EE70F695E320B65A8 /* Pods_SwiftArchitectureTests.framework */,
			);
			name = Frameworks;
			sourceTree = "<group>";
		};
		253BBC67AC0250288E2D5B07 /* Pods */ = {
			isa = PBXGroup;
			children = (
				95D565692BCBE3ACFF62AAD0 /* Pods-SwiftArchitecture.debug.xcconfig */,
				1353368308EC79C6643A9A10 /* Pods-SwiftArchitecture.release.xcconfig */,
				726E7ABE7653C2851252CDE3 /* Pods-SwiftArchitecture-SwiftArchitectureUITests.debug.xcconfig */,
				684301FD55DEAE5DDF16A18E /* Pods-SwiftArchitecture-SwiftArchitectureUITests.release.xcconfig */,
				9CD643011695D04F454D93F4 /* Pods-SwiftArchitectureTests.debug.xcconfig */,
				68631267D7D50B155C093B07 /* Pods-SwiftArchitectureTests.release.xcconfig */,
			);
			path = Pods;
			sourceTree = "<group>";
		};
		603640F624DDD3D000154C08 /* Login */ = {
			isa = PBXGroup;
			children = (
				603640FA24DDD3F800154C08 /* Model */,
				603640F924DDD3F100154C08 /* ViewModel */,
				603640F824DDD3EA00154C08 /* View */,
			);
			path = Login;
			sourceTree = "<group>";
		};
		603640F724DDD3DD00154C08 /* Modules */ = {
			isa = PBXGroup;
			children = (
				6036410124DDD6ED00154C08 /* Posts */,
				603640F624DDD3D000154C08 /* Login */,
			);
			path = Modules;
			sourceTree = "<group>";
		};
		603640F824DDD3EA00154C08 /* View */ = {
			isa = PBXGroup;
			children = (
				603640FD24DDD42C00154C08 /* LoginView.swift */,
			);
			path = View;
			sourceTree = "<group>";
		};
		603640F924DDD3F100154C08 /* ViewModel */ = {
			isa = PBXGroup;
			children = (
				603640FF24DDD67D00154C08 /* LoginViewModel.swift */,
			);
			path = ViewModel;
			sourceTree = "<group>";
		};
		603640FA24DDD3F800154C08 /* Model */ = {
			isa = PBXGroup;
			children = (
				603640FB24DDD41500154C08 /* LoginResponse.swift */,
			);
			path = Model;
			sourceTree = "<group>";
		};
		6036410124DDD6ED00154C08 /* Posts */ = {
			isa = PBXGroup;
			children = (
				60C3231C24DDB9AD005ACDE5 /* View */,
				60C3231724DDB957005ACDE5 /* ViewModel */,
				60C3231424DDB900005ACDE5 /* Model */,
			);
			path = Posts;
			sourceTree = "<group>";
		};
		60C322D824DDB737005ACDE5 = {
			isa = PBXGroup;
			children = (
				60C322E324DDB737005ACDE5 /* SwiftArchitecture */,
				60C322FA24DDB739005ACDE5 /* SwiftArchitectureTests */,
				60C3230524DDB739005ACDE5 /* SwiftArchitectureUITests */,
				60C322E224DDB737005ACDE5 /* Products */,
				253BBC67AC0250288E2D5B07 /* Pods */,
				1C7B5F00501100EAF54DBA75 /* Frameworks */,
			);
			sourceTree = "<group>";
		};
		60C322E224DDB737005ACDE5 /* Products */ = {
			isa = PBXGroup;
			children = (
				60C322E124DDB737005ACDE5 /* SwiftArchitecture.app */,
				60C322F724DDB739005ACDE5 /* SwiftArchitectureTests.xctest */,
				60C3230224DDB739005ACDE5 /* SwiftArchitectureUITests.xctest */,
			);
			name = Products;
			sourceTree = "<group>";
		};
		60C322E324DDB737005ACDE5 /* SwiftArchitecture */ = {
			isa = PBXGroup;
			children = (
				603640F724DDD3DD00154C08 /* Modules */,
				60C3231D24DDBAAF005ACDE5 /* NetworkManager */,
				60C322E424DDB737005ACDE5 /* AppDelegate.swift */,
				60C322E624DDB737005ACDE5 /* SceneDelegate.swift */,
				60C322EA24DDB739005ACDE5 /* Assets.xcassets */,
				60C322EF24DDB739005ACDE5 /* LaunchScreen.storyboard */,
				60C322F224DDB739005ACDE5 /* Info.plist */,
				60C322EC24DDB739005ACDE5 /* Preview Content */,
			);
			path = SwiftArchitecture;
			sourceTree = "<group>";
		};
		60C322EC24DDB739005ACDE5 /* Preview Content */ = {
			isa = PBXGroup;
			children = (
				60C322ED24DDB739005ACDE5 /* Preview Assets.xcassets */,
			);
			path = "Preview Content";
			sourceTree = "<group>";
		};
		60C322FA24DDB739005ACDE5 /* SwiftArchitectureTests */ = {
			isa = PBXGroup;
			children = (
				60C322FB24DDB739005ACDE5 /* SwiftArchitectureTests.swift */,
				60C322FD24DDB739005ACDE5 /* Info.plist */,
			);
			path = SwiftArchitectureTests;
			sourceTree = "<group>";
		};
		60C3230524DDB739005ACDE5 /* SwiftArchitectureUITests */ = {
			isa = PBXGroup;
			children = (
				60C3230624DDB739005ACDE5 /* SwiftArchitectureUITests.swift */,
				60C3230824DDB739005ACDE5 /* Info.plist */,
			);
			path = SwiftArchitectureUITests;
			sourceTree = "<group>";
		};
		60C3231424DDB900005ACDE5 /* Model */ = {
			isa = PBXGroup;
			children = (
				60C3231524DDB926005ACDE5 /* PostResponse.swift */,
			);
			path = Model;
			sourceTree = "<group>";
		};
		60C3231724DDB957005ACDE5 /* ViewModel */ = {
			isa = PBXGroup;
			children = (
				60C3231824DDB987005ACDE5 /* PostModel.swift */,
				60C3231A24DDB993005ACDE5 /* PostViewModel.swift */,
			);
			path = ViewModel;
			sourceTree = "<group>";
		};
		60C3231C24DDB9AD005ACDE5 /* View */ = {
			isa = PBXGroup;
			children = (
				60C322E824DDB737005ACDE5 /* ContentView.swift */,
			);
			path = View;
			sourceTree = "<group>";
		};
		60C3231D24DDBAAF005ACDE5 /* NetworkManager */ = {
			isa = PBXGroup;
			children = (
				60C3231E24DDBAC6005ACDE5 /* NetworkManager.swift */,
				603640F424DDCE8900154C08 /* NetworkLayerMoya.swift */,
			);
			path = NetworkManager;
			sourceTree = "<group>";
		};
/* End PBXGroup section */

/* Begin PBXNativeTarget section */
		60C322E024DDB737005ACDE5 /* SwiftArchitecture */ = {
			isa = PBXNativeTarget;
			buildConfigurationList = 60C3230B24DDB739005ACDE5 /* Build configuration list for PBXNativeTarget "SwiftArchitecture" */;
			buildPhases = (
				BD40CB218E17011FA52EF17A /* [CP] Check Pods Manifest.lock */,
				60C322DD24DDB737005ACDE5 /* Sources */,
				60C322DE24DDB737005ACDE5 /* Frameworks */,
				60C322DF24DDB737005ACDE5 /* Resources */,
				7047B34182F7966DBAEF7483 /* [CP] Embed Pods Frameworks */,
			);
			buildRules = (
			);
			dependencies = (
			);
			name = SwiftArchitecture;
			productName = SwiftArchitecture;
			productReference = 60C322E124DDB737005ACDE5 /* SwiftArchitecture.app */;
			productType = "com.apple.product-type.application";
		};
		60C322F624DDB739005ACDE5 /* SwiftArchitectureTests */ = {
			isa = PBXNativeTarget;
			buildConfigurationList = 60C3230E24DDB739005ACDE5 /* Build configuration list for PBXNativeTarget "SwiftArchitectureTests" */;
			buildPhases = (
				482C4C80BE989D28D4AD2E22 /* [CP] Check Pods Manifest.lock */,
				60C322F324DDB739005ACDE5 /* Sources */,
				60C322F424DDB739005ACDE5 /* Frameworks */,
				60C322F524DDB739005ACDE5 /* Resources */,
			);
			buildRules = (
			);
			dependencies = (
				60C322F924DDB739005ACDE5 /* PBXTargetDependency */,
			);
			name = SwiftArchitectureTests;
			productName = SwiftArchitectureTests;
			productReference = 60C322F724DDB739005ACDE5 /* SwiftArchitectureTests.xctest */;
			productType = "com.apple.product-type.bundle.unit-test";
		};
		60C3230124DDB739005ACDE5 /* SwiftArchitectureUITests */ = {
			isa = PBXNativeTarget;
			buildConfigurationList = 60C3231124DDB739005ACDE5 /* Build configuration list for PBXNativeTarget "SwiftArchitectureUITests" */;
			buildPhases = (
				739E157587ECBB70A908BE2B /* [CP] Check Pods Manifest.lock */,
				60C322FE24DDB739005ACDE5 /* Sources */,
				60C322FF24DDB739005ACDE5 /* Frameworks */,
				60C3230024DDB739005ACDE5 /* Resources */,
				75D52C60F8983664097E2419 /* [CP] Embed Pods Frameworks */,
			);
			buildRules = (
			);
			dependencies = (
				60C3230424DDB739005ACDE5 /* PBXTargetDependency */,
			);
			name = SwiftArchitectureUITests;
			productName = SwiftArchitectureUITests;
			productReference = 60C3230224DDB739005ACDE5 /* SwiftArchitectureUITests.xctest */;
			productType = "com.apple.product-type.bundle.ui-testing";
		};
/* End PBXNativeTarget section */

/* Begin PBXProject section */
		60C322D924DDB737005ACDE5 /* Project object */ = {
			isa = PBXProject;
			attributes = {
				LastSwiftUpdateCheck = 1160;
				LastUpgradeCheck = 1160;
				ORGANIZATIONNAME = "hassan shafi";
				TargetAttributes = {
					60C322E024DDB737005ACDE5 = {
						CreatedOnToolsVersion = 11.6;
					};
					60C322F624DDB739005ACDE5 = {
						CreatedOnToolsVersion = 11.6;
						TestTargetID = 60C322E024DDB737005ACDE5;
					};
					60C3230124DDB739005ACDE5 = {
						CreatedOnToolsVersion = 11.6;
						TestTargetID = 60C322E024DDB737005ACDE5;
					};
				};
			};
			buildConfigurationList = 60C322DC24DDB737005ACDE5 /* Build configuration list for PBXProject "SwiftArchitecture" */;
			compatibilityVersion = "Xcode 9.3";
			developmentRegion = en;
			hasScannedForEncodings = 0;
			knownRegions = (
				en,
				Base,
			);
			mainGroup = 60C322D824DDB737005ACDE5;
			productRefGroup = 60C322E224DDB737005ACDE5 /* Products */;
			projectDirPath = "";
			projectRoot = "";
			targets = (
				60C322E024DDB737005ACDE5 /* SwiftArchitecture */,
				60C322F624DDB739005ACDE5 /* SwiftArchitectureTests */,
				60C3230124DDB739005ACDE5 /* SwiftArchitectureUITests */,
			);
		};
/* End PBXProject section */

/* Begin PBXResourcesBuildPhase section */
		60C322DF24DDB737005ACDE5 /* Resources */ = {
			isa = PBXResourcesBuildPhase;
			buildActionMask = 2147483647;
			files = (
				60C322F124DDB739005ACDE5 /* LaunchScreen.storyboard in Resources */,
				60C322EE24DDB739005ACDE5 /* Preview Assets.xcassets in Resources */,
				60C322EB24DDB739005ACDE5 /* Assets.xcassets in Resources */,
			);
			runOnlyForDeploymentPostprocessing = 0;
		};
		60C322F524DDB739005ACDE5 /* Resources */ = {
			isa = PBXResourcesBuildPhase;
			buildActionMask = 2147483647;
			files = (
			);
			runOnlyForDeploymentPostprocessing = 0;
		};
		60C3230024DDB739005ACDE5 /* Resources */ = {
			isa = PBXResourcesBuildPhase;
			buildActionMask = 2147483647;
			files = (
			);
			runOnlyForDeploymentPostprocessing = 0;
		};
/* End PBXResourcesBuildPhase section */

/* Begin PBXShellScriptBuildPhase section */
		482C4C80BE989D28D4AD2E22 /* [CP] Check Pods Manifest.lock */ = {
			isa = PBXShellScriptBuildPhase;
			buildActionMask = 2147483647;
			files = (
			);
			inputFileListPaths = (
			);
			inputPaths = (
				"${PODS_PODFILE_DIR_PATH}/Podfile.lock",
				"${PODS_ROOT}/Manifest.lock",
			);
			name = "[CP] Check Pods Manifest.lock";
			outputFileListPaths = (
			);
			outputPaths = (
				"$(DERIVED_FILE_DIR)/Pods-SwiftArchitectureTests-checkManifestLockResult.txt",
			);
			runOnlyForDeploymentPostprocessing = 0;
			shellPath = /bin/sh;
			shellScript = "diff \"${PODS_PODFILE_DIR_PATH}/Podfile.lock\" \"${PODS_ROOT}/Manifest.lock\" > /dev/null\nif [ $? != 0 ] ; then\n    # print error to STDERR\n    echo \"error: The sandbox is not in sync with the Podfile.lock. Run 'pod install' or update your CocoaPods installation.\" >&2\n    exit 1\nfi\n# This output is used by Xcode 'outputs' to avoid re-running this script phase.\necho \"SUCCESS\" > \"${SCRIPT_OUTPUT_FILE_0}\"\n";
			showEnvVarsInLog = 0;
		};
		7047B34182F7966DBAEF7483 /* [CP] Embed Pods Frameworks */ = {
			isa = PBXShellScriptBuildPhase;
			buildActionMask = 2147483647;
			files = (
			);
			inputFileListPaths = (
				"${PODS_ROOT}/Target Support Files/Pods-SwiftArchitecture/Pods-SwiftArchitecture-frameworks-${CONFIGURATION}-input-files.xcfilelist",
			);
			name = "[CP] Embed Pods Frameworks";
			outputFileListPaths = (
				"${PODS_ROOT}/Target Support Files/Pods-SwiftArchitecture/Pods-SwiftArchitecture-frameworks-${CONFIGURATION}-output-files.xcfilelist",
			);
			runOnlyForDeploymentPostprocessing = 0;
			shellPath = /bin/sh;
			shellScript = "\"${PODS_ROOT}/Target Support Files/Pods-SwiftArchitecture/Pods-SwiftArchitecture-frameworks.sh\"\n";
			showEnvVarsInLog = 0;
		};
		739E157587ECBB70A908BE2B /* [CP] Check Pods Manifest.lock */ = {
			isa = PBXShellScriptBuildPhase;
			buildActionMask = 2147483647;
			files = (
			);
			inputFileListPaths = (
			);
			inputPaths = (
				"${PODS_PODFILE_DIR_PATH}/Podfile.lock",
				"${PODS_ROOT}/Manifest.lock",
			);
			name = "[CP] Check Pods Manifest.lock";
			outputFileListPaths = (
			);
			outputPaths = (
				"$(DERIVED_FILE_DIR)/Pods-SwiftArchitecture-SwiftArchitectureUITests-checkManifestLockResult.txt",
			);
			runOnlyForDeploymentPostprocessing = 0;
			shellPath = /bin/sh;
			shellScript = "diff \"${PODS_PODFILE_DIR_PATH}/Podfile.lock\" \"${PODS_ROOT}/Manifest.lock\" > /dev/null\nif [ $? != 0 ] ; then\n    # print error to STDERR\n    echo \"error: The sandbox is not in sync with the Podfile.lock. Run 'pod install' or update your CocoaPods installation.\" >&2\n    exit 1\nfi\n# This output is used by Xcode 'outputs' to avoid re-running this script phase.\necho \"SUCCESS\" > \"${SCRIPT_OUTPUT_FILE_0}\"\n";
			showEnvVarsInLog = 0;
		};
		75D52C60F8983664097E2419 /* [CP] Embed Pods Frameworks */ = {
			isa = PBXShellScriptBuildPhase;
			buildActionMask = 2147483647;
			files = (
			);
			inputFileListPaths = (
				"${PODS_ROOT}/Target Support Files/Pods-SwiftArchitecture-SwiftArchitectureUITests/Pods-SwiftArchitecture-SwiftArchitectureUITests-frameworks-${CONFIGURATION}-input-files.xcfilelist",
			);
			name = "[CP] Embed Pods Frameworks";
			outputFileListPaths = (
				"${PODS_ROOT}/Target Support Files/Pods-SwiftArchitecture-SwiftArchitectureUITests/Pods-SwiftArchitecture-SwiftArchitectureUITests-frameworks-${CONFIGURATION}-output-files.xcfilelist",
			);
			runOnlyForDeploymentPostprocessing = 0;
			shellPath = /bin/sh;
			shellScript = "\"${PODS_ROOT}/Target Support Files/Pods-SwiftArchitecture-SwiftArchitectureUITests/Pods-SwiftArchitecture-SwiftArchitectureUITests-frameworks.sh\"\n";
			showEnvVarsInLog = 0;
		};
		BD40CB218E17011FA52EF17A /* [CP] Check Pods Manifest.lock */ = {
			isa = PBXShellScriptBuildPhase;
			buildActionMask = 2147483647;
			files = (
			);
			inputFileListPaths = (
			);
			inputPaths = (
				"${PODS_PODFILE_DIR_PATH}/Podfile.lock",
				"${PODS_ROOT}/Manifest.lock",
			);
			name = "[CP] Check Pods Manifest.lock";
			outputFileListPaths = (
			);
			outputPaths = (
				"$(DERIVED_FILE_DIR)/Pods-SwiftArchitecture-checkManifestLockResult.txt",
			);
			runOnlyForDeploymentPostprocessing = 0;
			shellPath = /bin/sh;
			shellScript = "diff \"${PODS_PODFILE_DIR_PATH}/Podfile.lock\" \"${PODS_ROOT}/Manifest.lock\" > /dev/null\nif [ $? != 0 ] ; then\n    # print error to STDERR\n    echo \"error: The sandbox is not in sync with the Podfile.lock. Run 'pod install' or update your CocoaPods installation.\" >&2\n    exit 1\nfi\n# This output is used by Xcode 'outputs' to avoid re-running this script phase.\necho \"SUCCESS\" > \"${SCRIPT_OUTPUT_FILE_0}\"\n";
			showEnvVarsInLog = 0;
		};
/* End PBXShellScriptBuildPhase section */

/* Begin PBXSourcesBuildPhase section */
		60C322DD24DDB737005ACDE5 /* Sources */ = {
			isa = PBXSourcesBuildPhase;
			buildActionMask = 2147483647;
			files = (
				60C3231B24DDB993005ACDE5 /* PostViewModel.swift in Sources */,
				60C322E524DDB737005ACDE5 /* AppDelegate.swift in Sources */,
				6036410024DDD67D00154C08 /* LoginViewModel.swift in Sources */,
				603640FC24DDD41500154C08 /* LoginResponse.swift in Sources */,
				60C3231924DDB987005ACDE5 /* PostModel.swift in Sources */,
				60C3231F24DDBAC6005ACDE5 /* NetworkManager.swift in Sources */,
				60C322E724DDB737005ACDE5 /* SceneDelegate.swift in Sources */,
				60C3231624DDB926005ACDE5 /* PostResponse.swift in Sources */,
				603640F524DDCE8900154C08 /* NetworkLayerMoya.swift in Sources */,
				603640FE24DDD42C00154C08 /* LoginView.swift in Sources */,
				60C322E924DDB737005ACDE5 /* ContentView.swift in Sources */,
			);
			runOnlyForDeploymentPostprocessing = 0;
		};
		60C322F324DDB739005ACDE5 /* Sources */ = {
			isa = PBXSourcesBuildPhase;
			buildActionMask = 2147483647;
			files = (
				60C322FC24DDB739005ACDE5 /* SwiftArchitectureTests.swift in Sources */,
			);
			runOnlyForDeploymentPostprocessing = 0;
		};
		60C322FE24DDB739005ACDE5 /* Sources */ = {
			isa = PBXSourcesBuildPhase;
			buildActionMask = 2147483647;
			files = (
				60C3230724DDB739005ACDE5 /* SwiftArchitectureUITests.swift in Sources */,
			);
			runOnlyForDeploymentPostprocessing = 0;
		};
/* End PBXSourcesBuildPhase section */

/* Begin PBXTargetDependency section */
		60C322F924DDB739005ACDE5 /* PBXTargetDependency */ = {
			isa = PBXTargetDependency;
			target = 60C322E024DDB737005ACDE5 /* SwiftArchitecture */;
			targetProxy = 60C322F824DDB739005ACDE5 /* PBXContainerItemProxy */;
		};
		60C3230424DDB739005ACDE5 /* PBXTargetDependency */ = {
			isa = PBXTargetDependency;
			target = 60C322E024DDB737005ACDE5 /* SwiftArchitecture */;
			targetProxy = 60C3230324DDB739005ACDE5 /* PBXContainerItemProxy */;
		};
/* End PBXTargetDependency section */

/* Begin PBXVariantGroup section */
		60C322EF24DDB739005ACDE5 /* LaunchScreen.storyboard */ = {
			isa = PBXVariantGroup;
			children = (
				60C322F024DDB739005ACDE5 /* Base */,
			);
			name = LaunchScreen.storyboard;
			sourceTree = "<group>";
		};
/* End PBXVariantGroup section */

/* Begin XCBuildConfiguration section */
		60C3230924DDB739005ACDE5 /* Debug */ = {
			isa = XCBuildConfiguration;
			buildSettings = {
				ALWAYS_SEARCH_USER_PATHS = NO;
				CLANG_ANALYZER_NONNULL = YES;
				CLANG_ANALYZER_NUMBER_OBJECT_CONVERSION = YES_AGGRESSIVE;
				CLANG_CXX_LANGUAGE_STANDARD = "gnu++14";
				CLANG_CXX_LIBRARY = "libc++";
				CLANG_ENABLE_MODULES = YES;
				CLANG_ENABLE_OBJC_ARC = YES;
				CLANG_ENABLE_OBJC_WEAK = YES;
				CLANG_WARN_BLOCK_CAPTURE_AUTORELEASING = YES;
				CLANG_WARN_BOOL_CONVERSION = YES;
				CLANG_WARN_COMMA = YES;
				CLANG_WARN_CONSTANT_CONVERSION = YES;
				CLANG_WARN_DEPRECATED_OBJC_IMPLEMENTATIONS = YES;
				CLANG_WARN_DIRECT_OBJC_ISA_USAGE = YES_ERROR;
				CLANG_WARN_DOCUMENTATION_COMMENTS = YES;
				CLANG_WARN_EMPTY_BODY = YES;
				CLANG_WARN_ENUM_CONVERSION = YES;
				CLANG_WARN_INFINITE_RECURSION = YES;
				CLANG_WARN_INT_CONVERSION = YES;
				CLANG_WARN_NON_LITERAL_NULL_CONVERSION = YES;
				CLANG_WARN_OBJC_IMPLICIT_RETAIN_SELF = YES;
				CLANG_WARN_OBJC_LITERAL_CONVERSION = YES;
				CLANG_WARN_OBJC_ROOT_CLASS = YES_ERROR;
				CLANG_WARN_RANGE_LOOP_ANALYSIS = YES;
				CLANG_WARN_STRICT_PROTOTYPES = YES;
				CLANG_WARN_SUSPICIOUS_MOVE = YES;
				CLANG_WARN_UNGUARDED_AVAILABILITY = YES_AGGRESSIVE;
				CLANG_WARN_UNREACHABLE_CODE = YES;
				CLANG_WARN__DUPLICATE_METHOD_MATCH = YES;
				COPY_PHASE_STRIP = NO;
				DEBUG_INFORMATION_FORMAT = dwarf;
				ENABLE_STRICT_OBJC_MSGSEND = YES;
				ENABLE_TESTABILITY = YES;
				GCC_C_LANGUAGE_STANDARD = gnu11;
				GCC_DYNAMIC_NO_PIC = NO;
				GCC_NO_COMMON_BLOCKS = YES;
				GCC_OPTIMIZATION_LEVEL = 0;
				GCC_PREPROCESSOR_DEFINITIONS = (
					"DEBUG=1",
					"$(inherited)",
				);
				GCC_WARN_64_TO_32_BIT_CONVERSION = YES;
				GCC_WARN_ABOUT_RETURN_TYPE = YES_ERROR;
				GCC_WARN_UNDECLARED_SELECTOR = YES;
				GCC_WARN_UNINITIALIZED_AUTOS = YES_AGGRESSIVE;
				GCC_WARN_UNUSED_FUNCTION = YES;
				GCC_WARN_UNUSED_VARIABLE = YES;
				IPHONEOS_DEPLOYMENT_TARGET = 13.6;
				MTL_ENABLE_DEBUG_INFO = INCLUDE_SOURCE;
				MTL_FAST_MATH = YES;
				ONLY_ACTIVE_ARCH = YES;
				SDKROOT = iphoneos;
				SWIFT_ACTIVE_COMPILATION_CONDITIONS = DEBUG;
				SWIFT_OPTIMIZATION_LEVEL = "-Onone";
			};
			name = Debug;
		};
		60C3230A24DDB739005ACDE5 /* Release */ = {
			isa = XCBuildConfiguration;
			buildSettings = {
				ALWAYS_SEARCH_USER_PATHS = NO;
				CLANG_ANALYZER_NONNULL = YES;
				CLANG_ANALYZER_NUMBER_OBJECT_CONVERSION = YES_AGGRESSIVE;
				CLANG_CXX_LANGUAGE_STANDARD = "gnu++14";
				CLANG_CXX_LIBRARY = "libc++";
				CLANG_ENABLE_MODULES = YES;
				CLANG_ENABLE_OBJC_ARC = YES;
				CLANG_ENABLE_OBJC_WEAK = YES;
				CLANG_WARN_BLOCK_CAPTURE_AUTORELEASING = YES;
				CLANG_WARN_BOOL_CONVERSION = YES;
				CLANG_WARN_COMMA = YES;
				CLANG_WARN_CONSTANT_CONVERSION = YES;
				CLANG_WARN_DEPRECATED_OBJC_IMPLEMENTATIONS = YES;
				CLANG_WARN_DIRECT_OBJC_ISA_USAGE = YES_ERROR;
				CLANG_WARN_DOCUMENTATION_COMMENTS = YES;
				CLANG_WARN_EMPTY_BODY = YES;
				CLANG_WARN_ENUM_CONVERSION = YES;
				CLANG_WARN_INFINITE_RECURSION = YES;
				CLANG_WARN_INT_CONVERSION = YES;
				CLANG_WARN_NON_LITERAL_NULL_CONVERSION = YES;
				CLANG_WARN_OBJC_IMPLICIT_RETAIN_SELF = YES;
				CLANG_WARN_OBJC_LITERAL_CONVERSION = YES;
				CLANG_WARN_OBJC_ROOT_CLASS = YES_ERROR;
				CLANG_WARN_RANGE_LOOP_ANALYSIS = YES;
				CLANG_WARN_STRICT_PROTOTYPES = YES;
				CLANG_WARN_SUSPICIOUS_MOVE = YES;
				CLANG_WARN_UNGUARDED_AVAILABILITY = YES_AGGRESSIVE;
				CLANG_WARN_UNREACHABLE_CODE = YES;
				CLANG_WARN__DUPLICATE_METHOD_MATCH = YES;
				COPY_PHASE_STRIP = NO;
				DEBUG_INFORMATION_FORMAT = "dwarf-with-dsym";
				ENABLE_NS_ASSERTIONS = NO;
				ENABLE_STRICT_OBJC_MSGSEND = YES;
				GCC_C_LANGUAGE_STANDARD = gnu11;
				GCC_NO_COMMON_BLOCKS = YES;
				GCC_WARN_64_TO_32_BIT_CONVERSION = YES;
				GCC_WARN_ABOUT_RETURN_TYPE = YES_ERROR;
				GCC_WARN_UNDECLARED_SELECTOR = YES;
				GCC_WARN_UNINITIALIZED_AUTOS = YES_AGGRESSIVE;
				GCC_WARN_UNUSED_FUNCTION = YES;
				GCC_WARN_UNUSED_VARIABLE = YES;
				IPHONEOS_DEPLOYMENT_TARGET = 13.6;
				MTL_ENABLE_DEBUG_INFO = NO;
				MTL_FAST_MATH = YES;
				SDKROOT = iphoneos;
				SWIFT_COMPILATION_MODE = wholemodule;
				SWIFT_OPTIMIZATION_LEVEL = "-O";
				VALIDATE_PRODUCT = YES;
			};
			name = Release;
		};
		60C3230C24DDB739005ACDE5 /* Debug */ = {
			isa = XCBuildConfiguration;
			baseConfigurationReference = 95D565692BCBE3ACFF62AAD0 /* Pods-SwiftArchitecture.debug.xcconfig */;
			buildSettings = {
				ASSETCATALOG_COMPILER_APPICON_NAME = AppIcon;
				CODE_SIGN_STYLE = Automatic;
				DEVELOPMENT_ASSET_PATHS = "\"SwiftArchitecture/Preview Content\"";
				ENABLE_PREVIEWS = YES;
				INFOPLIST_FILE = SwiftArchitecture/Info.plist;
				LD_RUNPATH_SEARCH_PATHS = (
					"$(inherited)",
					"@executable_path/Frameworks",
				);
				PRODUCT_BUNDLE_IDENTIFIER = com.hassan.SwiftArchitecture;
				PRODUCT_NAME = "$(TARGET_NAME)";
				SWIFT_VERSION = 5.0;
				TARGETED_DEVICE_FAMILY = "1,2";
			};
			name = Debug;
		};
		60C3230D24DDB739005ACDE5 /* Release */ = {
			isa = XCBuildConfiguration;
			baseConfigurationReference = 1353368308EC79C6643A9A10 /* Pods-SwiftArchitecture.release.xcconfig */;
			buildSettings = {
				ASSETCATALOG_COMPILER_APPICON_NAME = AppIcon;
				CODE_SIGN_STYLE = Automatic;
				DEVELOPMENT_ASSET_PATHS = "\"SwiftArchitecture/Preview Content\"";
				ENABLE_PREVIEWS = YES;
				INFOPLIST_FILE = SwiftArchitecture/Info.plist;
				LD_RUNPATH_SEARCH_PATHS = (
					"$(inherited)",
					"@executable_path/Frameworks",
				);
				PRODUCT_BUNDLE_IDENTIFIER = com.hassan.SwiftArchitecture;
				PRODUCT_NAME = "$(TARGET_NAME)";
				SWIFT_VERSION = 5.0;
				TARGETED_DEVICE_FAMILY = "1,2";
			};
			name = Release;
		};
		60C3230F24DDB739005ACDE5 /* Debug */ = {
			isa = XCBuildConfiguration;
			baseConfigurationReference = 9CD643011695D04F454D93F4 /* Pods-SwiftArchitectureTests.debug.xcconfig */;
			buildSettings = {
				ALWAYS_EMBED_SWIFT_STANDARD_LIBRARIES = YES;
				BUNDLE_LOADER = "$(TEST_HOST)";
				CODE_SIGN_STYLE = Automatic;
				INFOPLIST_FILE = SwiftArchitectureTests/Info.plist;
				IPHONEOS_DEPLOYMENT_TARGET = 13.6;
				LD_RUNPATH_SEARCH_PATHS = (
					"$(inherited)",
					"@executable_path/Frameworks",
					"@loader_path/Frameworks",
				);
				PRODUCT_BUNDLE_IDENTIFIER = com.hassan.SwiftArchitectureTests;
				PRODUCT_NAME = "$(TARGET_NAME)";
				SWIFT_VERSION = 5.0;
				TARGETED_DEVICE_FAMILY = "1,2";
				TEST_HOST = "$(BUILT_PRODUCTS_DIR)/SwiftArchitecture.app/SwiftArchitecture";
			};
			name = Debug;
		};
		60C3231024DDB739005ACDE5 /* Release */ = {
			isa = XCBuildConfiguration;
			baseConfigurationReference = 68631267D7D50B155C093B07 /* Pods-SwiftArchitectureTests.release.xcconfig */;
			buildSettings = {
				ALWAYS_EMBED_SWIFT_STANDARD_LIBRARIES = YES;
				BUNDLE_LOADER = "$(TEST_HOST)";
				CODE_SIGN_STYLE = Automatic;
				INFOPLIST_FILE = SwiftArchitectureTests/Info.plist;
				IPHONEOS_DEPLOYMENT_TARGET = 13.6;
				LD_RUNPATH_SEARCH_PATHS = (
					"$(inherited)",
					"@executable_path/Frameworks",
					"@loader_path/Frameworks",
				);
				PRODUCT_BUNDLE_IDENTIFIER = com.hassan.SwiftArchitectureTests;
				PRODUCT_NAME = "$(TARGET_NAME)";
				SWIFT_VERSION = 5.0;
				TARGETED_DEVICE_FAMILY = "1,2";
				TEST_HOST = "$(BUILT_PRODUCTS_DIR)/SwiftArchitecture.app/SwiftArchitecture";
			};
			name = Release;
		};
		60C3231224DDB739005ACDE5 /* Debug */ = {
			isa = XCBuildConfiguration;
			baseConfigurationReference = 726E7ABE7653C2851252CDE3 /* Pods-SwiftArchitecture-SwiftArchitectureUITests.debug.xcconfig */;
			buildSettings = {
				ALWAYS_EMBED_SWIFT_STANDARD_LIBRARIES = YES;
				CODE_SIGN_STYLE = Automatic;
				INFOPLIST_FILE = SwiftArchitectureUITests/Info.plist;
				LD_RUNPATH_SEARCH_PATHS = (
					"$(inherited)",
					"@executable_path/Frameworks",
					"@loader_path/Frameworks",
				);
				PRODUCT_BUNDLE_IDENTIFIER = com.hassan.SwiftArchitectureUITests;
				PRODUCT_NAME = "$(TARGET_NAME)";
				SWIFT_VERSION = 5.0;
				TARGETED_DEVICE_FAMILY = "1,2";
				TEST_TARGET_NAME = SwiftArchitecture;
			};
			name = Debug;
		};
		60C3231324DDB739005ACDE5 /* Release */ = {
			isa = XCBuildConfiguration;
			baseConfigurationReference = 684301FD55DEAE5DDF16A18E /* Pods-SwiftArchitecture-SwiftArchitectureUITests.release.xcconfig */;
			buildSettings = {
				ALWAYS_EMBED_SWIFT_STANDARD_LIBRARIES = YES;
				CODE_SIGN_STYLE = Automatic;
				INFOPLIST_FILE = SwiftArchitectureUITests/Info.plist;
				LD_RUNPATH_SEARCH_PATHS = (
					"$(inherited)",
					"@executable_path/Frameworks",
					"@loader_path/Frameworks",
				);
				PRODUCT_BUNDLE_IDENTIFIER = com.hassan.SwiftArchitectureUITests;
				PRODUCT_NAME = "$(TARGET_NAME)";
				SWIFT_VERSION = 5.0;
				TARGETED_DEVICE_FAMILY = "1,2";
				TEST_TARGET_NAME = SwiftArchitecture;
			};
			name = Release;
		};
/* End XCBuildConfiguration section */

/* Begin XCConfigurationList section */
		60C322DC24DDB737005ACDE5 /* Build configuration list for PBXProject "SwiftArchitecture" */ = {
			isa = XCConfigurationList;
			buildConfigurations = (
				60C3230924DDB739005ACDE5 /* Debug */,
				60C3230A24DDB739005ACDE5 /* Release */,
			);
			defaultConfigurationIsVisible = 0;
			defaultConfigurationName = Release;
		};
		60C3230B24DDB739005ACDE5 /* Build configuration list for PBXNativeTarget "SwiftArchitecture" */ = {
			isa = XCConfigurationList;
			buildConfigurations = (
				60C3230C24DDB739005ACDE5 /* Debug */,
				60C3230D24DDB739005ACDE5 /* Release */,
			);
			defaultConfigurationIsVisible = 0;
			defaultConfigurationName = Release;
		};
		60C3230E24DDB739005ACDE5 /* Build configuration list for PBXNativeTarget "SwiftArchitectureTests" */ = {
			isa = XCConfigurationList;
			buildConfigurations = (
				60C3230F24DDB739005ACDE5 /* Debug */,
				60C3231024DDB739005ACDE5 /* Release */,
			);
			defaultConfigurationIsVisible = 0;
			defaultConfigurationName = Release;
		};
		60C3231124DDB739005ACDE5 /* Build configuration list for PBXNativeTarget "SwiftArchitectureUITests" */ = {
			isa = XCConfigurationList;
			buildConfigurations = (
				60C3231224DDB739005ACDE5 /* Debug */,
				60C3231324DDB739005ACDE5 /* Release */,
			);
			defaultConfigurationIsVisible = 0;
			defaultConfigurationName = Release;
		};
/* End XCConfigurationList section */
	};
	rootObject = 60C322D924DDB737005ACDE5 /* Project object */;
}
